
Microsoft Visual Studio Solution File, Format Version 12.00
# Visual Studio Version 17
VisualStudioVersion = 17.8.34525.116
MinimumVisualStudioVersion = 10.0.40219.1
Project("{2150E333-8FDC-42A3-9474-1A3956D46DE8}") = "Hacker Hank Logical Problems", "Hacker Hank Logical Problems", "{DFC0D8C8-50A1-4050-9B83-09BFDA9F36FB}"
EndProject
Project("{FAE04EC0-301F-11D3-BF4B-00C04F79EFBC}") = "PARENTHESES_BRACKETS_CHECK", "PARENTHESES_BRACKETS_CHECK\PARENTHESES_BRACKETS_CHECK.csproj", "{E99F5E21-4E3C-4601-B8BA-E8D85F908BC5}"
EndProject
Project("{FAE04EC0-301F-11D3-BF4B-00C04F79EFBC}") = "MissingWords", "MissingWords\MissingWords.csproj", "{E88248B6-94C4-4F97-A8A1-3E5BD92FAE3A}"
EndProject
Project("{FAE04EC0-301F-11D3-BF4B-00C04F79EFBC}") = "NumbersOfTwoNumbersInArray", "NumbersOfTwoNumbersInArray\NumbersOfTwoNumbersInArray.csproj", "{D73DC263-E2E0-4DBE-9F9C-31890EEC8731}"
EndProject
Project("{FAE04EC0-301F-11D3-BF4B-00C04F79EFBC}") = "Pangrams", "Pangrams\Pangrams.csproj", "{8A4C4049-1AF8-4187-8CA5-97BB2748CC5C}"
EndProject
Project("{FAE04EC0-301F-11D3-BF4B-00C04F79EFBC}") = "BeautifulBinaryString", "BeautifulBinaryString\BeautifulBinaryString.csproj", "{58670F5C-C90F-41A7-AA45-78949EB05437}"
EndProject
Project("{9A19103F-16F7-4668-BE54-9A1E7A4F7556}") = "InifinityStringRepeatedChar", "InifinityStringRepeatedChar\InifinityStringRepeatedChar.csproj", "{0D7FDCE0-0A31-4BE4-8C47-0118F9F2954F}"
EndProject
Project("{9A19103F-16F7-4668-BE54-9A1E7A4F7556}") = "2DArray-DS", "2D Array - DS\2DArray-DS.csproj", "{EB5FEA3D-246C-4F5D-87E9-94EF2730EB4D}"
EndProject
Project("{9A19103F-16F7-4668-BE54-9A1E7A4F7556}") = "Booking.com", "Booking.com\Booking.com.csproj", "{71C22EE7-646F-48A4-9E8B-3F89880471B2}"
EndProject
Project("{9A19103F-16F7-4668-BE54-9A1E7A4F7556}") = "CatsAndAMouse", "CatsAndAMouse\CatsAndAMouse.csproj", "{A121DFDC-8F48-4A16-B209-FADB416DD60A}"
EndProject
Project("{9A19103F-16F7-4668-BE54-9A1E7A4F7556}") = "DynamicArray", "DynamicArray\DynamicArray.csproj", "{1DBE25D8-885D-49A0-AA20-E8C6F4F68CF3}"
EndProject
Project("{9A19103F-16F7-4668-BE54-9A1E7A4F7556}") = "LeftRotation", "LeftRotation\LeftRotation.csproj", "{CED15F70-BE88-47D4-B7A7-06D58ABB1FC1}"
EndProject
Project("{9A19103F-16F7-4668-BE54-9A1E7A4F7556}") = "ArrayDS", "ArrayDS\ArrayDS.csproj", "{D0255D1C-ECF0-4250-A3DD-D8013418DB76}"
EndProject
Project("{9A19103F-16F7-4668-BE54-9A1E7A4F7556}") = "SparseArrays", "SparseArrays\SparseArrays.csproj", "{2E5F68D4-88EE-4C3C-B348-4792A2F55060}"
EndProject
Project("{9A19103F-16F7-4668-BE54-9A1E7A4F7556}") = "MergeSortedArray", "MergeSortedArray\MergeSortedArray.csproj", "{B2B944B6-8AD8-46BB-9705-70E5C83ADCA9}"
EndProject
Project("{9A19103F-16F7-4668-BE54-9A1E7A4F7556}") = "BestTimetoBuyandSellStockII", "BestTimetoBuyandSellStockII\BestTimetoBuyandSellStockII.csproj", "{665ADE3B-67CD-4CB8-A5B8-73A403EECF0A}"
EndProject
Project("{9A19103F-16F7-4668-BE54-9A1E7A4F7556}") = "JumpGame", "JumpGame\JumpGame.csproj", "{10E0CB18-BB3D-4F8B-9CAB-DCB245DCD940}"
EndProject
Project("{9A19103F-16F7-4668-BE54-9A1E7A4F7556}") = "JumpGameII", "JumpGameII\JumpGameII.csproj", "{BAD0AA20-D7BD-4607-AD0A-872F304E9314}"
EndProject
Project("{9A19103F-16F7-4668-BE54-9A1E7A4F7556}") = "HIndex", "HIndex\HIndex.csproj", "{B6DF30A6-5EBD-413C-AD03-18F3BCFB9FE8}"
EndProject
Project("{2150E333-8FDC-42A3-9474-1A3956D46DE8}") = "Leet Code Logic Problems", "Leet Code Logic Problems", "{8389101B-2BF8-40CD-A1A3-01987F3465D7}"
EndProject
Project("{9A19103F-16F7-4668-BE54-9A1E7A4F7556}") = "NewYearChaos", "NewYearChaos\NewYearChaos.csproj", "{197A3D8E-9CA4-4D6F-A903-F7A6A9C89E84}"
EndProject
Project("{9A19103F-16F7-4668-BE54-9A1E7A4F7556}") = "MinimumSwap", "MinimumSwap\MinimumSwap.csproj", "{A61CF7E8-8947-47A5-8CD0-E79212BC519A}"
EndProject
Project("{9A19103F-16F7-4668-BE54-9A1E7A4F7556}") = "ArrayManipulation", "ArrayManipulation\ArrayManipulation.csproj", "{C3BAC945-D3F4-47FC-B9EB-5E160F202236}"
EndProject
Project("{9A19103F-16F7-4668-BE54-9A1E7A4F7556}") = "RansonNote", "RansonNote\RansonNote.csproj", "{D097BD0A-3985-4E39-801B-2D91507B9E9B}"
EndProject
Project("{9A19103F-16F7-4668-BE54-9A1E7A4F7556}") = "TwoStrings", "TwoStrings\TwoStrings.csproj", "{56CE550E-01B5-4456-A917-D9E404A8ABBE}"
EndProject
Project("{9A19103F-16F7-4668-BE54-9A1E7A4F7556}") = "SherlockAndAnagrams", "SherlockAndAnagrams\SherlockAndAnagrams.csproj", "{A5C0B472-6394-46FF-AF5E-DBF6FEBC0182}"
EndProject
Project("{9A19103F-16F7-4668-BE54-9A1E7A4F7556}") = "CountTriplets", "CountTriplets\CountTriplets.csproj", "{D76B5BA3-B9D2-4355-A291-8EAB0BF5F6BB}"
EndProject
Project("{9A19103F-16F7-4668-BE54-9A1E7A4F7556}") = "FrequencyQueries", "FrequencyQueries\FrequencyQueries.csproj", "{2B654D37-10EB-4F43-8695-428896C9BADD}"
EndProject
Project("{9A19103F-16F7-4668-BE54-9A1E7A4F7556}") = "MakingAnagrams", "MakingAnagrams\MakingAnagrams.csproj", "{9AE74D50-3AFF-487A-84E7-4F2D3173AB50}"
EndProject
Project("{9A19103F-16F7-4668-BE54-9A1E7A4F7556}") = "SherlockAndTheValidString", "SherlockAndTheValidString\SherlockAndTheValidString.csproj", "{214C32D6-77DC-483E-9D7A-C2DB81E8FF0B}"
EndProject
Project("{9A19103F-16F7-4668-BE54-9A1E7A4F7556}") = "SpecialStringAgain", "SpecialStringAgain\SpecialStringAgain.csproj", "{971041AE-B514-416F-9560-938A6AF4BA11}"
EndProject
Project("{9A19103F-16F7-4668-BE54-9A1E7A4F7556}") = "CommonChild", "CommonChild\CommonChild.csproj", "{8ADCD43C-5476-489F-8E45-314D8DE773CF}"
EndProject
Project("{2150E333-8FDC-42A3-9474-1A3956D46DE8}") = "Arrays", "Arrays", "{22B206FE-D531-473F-A8A8-2CC209EF776A}"
EndProject
Project("{2150E333-8FDC-42A3-9474-1A3956D46DE8}") = "Dictionaries and HashMaps", "Dictionaries and HashMaps", "{27005326-571C-47C7-8075-5516E6679058}"
EndProject
Project("{2150E333-8FDC-42A3-9474-1A3956D46DE8}") = "String Manipulation", "String Manipulation", "{7417C4E6-07C6-4695-841F-636E4B9AAA4A}"
EndProject
Project("{9A19103F-16F7-4668-BE54-9A1E7A4F7556}") = "AlternatingCharacteres", "AlternatingCharacteres\AlternatingCharacteres.csproj", "{79431DFF-44D6-4F75-8A2B-6F2CEE675A61}"
EndProject
Project("{2150E333-8FDC-42A3-9474-1A3956D46DE8}") = "Graphs", "Graphs", "{318FE460-2FAF-4189-892C-ED2E20961475}"
EndProject
Project("{9A19103F-16F7-4668-BE54-9A1E7A4F7556}") = "RoadsAndLibraries", "RoadsAndLibraries\RoadsAndLibraries.csproj", "{37EC0669-46D8-4E35-ABD9-610A62F7F53A}"
EndProject
Project("{2150E333-8FDC-42A3-9474-1A3956D46DE8}") = "Sorting", "Sorting", "{21A3E211-3CF7-4BB9-82AA-25235D24DE97}"
EndProject
Project("{FAE04EC0-301F-11D3-BF4B-00C04F79EFBC}") = "BubbleSort", "BubbleSort\BubbleSort.csproj", "{5B575398-7752-4962-AD84-5344EBE62B48}"
EndProject
Project("{FAE04EC0-301F-11D3-BF4B-00C04F79EFBC}") = "MarkAndToys", "MarkAndToys\MarkAndToys.csproj", "{3011041E-F5BD-401F-BA4D-30A5C75ED44D}"
EndProject
Project("{FAE04EC0-301F-11D3-BF4B-00C04F79EFBC}") = "Comparator", "Comparator\Comparator.csproj", "{70ECD551-7E17-42EE-8106-F88FC9E473CD}"
EndProject
Project("{FAE04EC0-301F-11D3-BF4B-00C04F79EFBC}") = "FraudulentActivityNotifications", "FraudulentActivityNotifications\FraudulentActivityNotifications.csproj", "{D1249BA2-5794-4243-8BE9-C99AFCBFFF22}"
EndProject
Global
	GlobalSection(SolutionConfigurationPlatforms) = preSolution
		Debug|Any CPU = Debug|Any CPU
		Release|Any CPU = Release|Any CPU
	EndGlobalSection
	GlobalSection(ProjectConfigurationPlatforms) = postSolution
		{E99F5E21-4E3C-4601-B8BA-E8D85F908BC5}.Debug|Any CPU.ActiveCfg = Debug|Any CPU
		{E99F5E21-4E3C-4601-B8BA-E8D85F908BC5}.Debug|Any CPU.Build.0 = Debug|Any CPU
		{E99F5E21-4E3C-4601-B8BA-E8D85F908BC5}.Release|Any CPU.ActiveCfg = Release|Any CPU
		{E99F5E21-4E3C-4601-B8BA-E8D85F908BC5}.Release|Any CPU.Build.0 = Release|Any CPU
		{E88248B6-94C4-4F97-A8A1-3E5BD92FAE3A}.Debug|Any CPU.ActiveCfg = Debug|Any CPU
		{E88248B6-94C4-4F97-A8A1-3E5BD92FAE3A}.Debug|Any CPU.Build.0 = Debug|Any CPU
		{E88248B6-94C4-4F97-A8A1-3E5BD92FAE3A}.Release|Any CPU.ActiveCfg = Release|Any CPU
		{E88248B6-94C4-4F97-A8A1-3E5BD92FAE3A}.Release|Any CPU.Build.0 = Release|Any CPU
		{D73DC263-E2E0-4DBE-9F9C-31890EEC8731}.Debug|Any CPU.ActiveCfg = Debug|Any CPU
		{D73DC263-E2E0-4DBE-9F9C-31890EEC8731}.Debug|Any CPU.Build.0 = Debug|Any CPU
		{D73DC263-E2E0-4DBE-9F9C-31890EEC8731}.Release|Any CPU.ActiveCfg = Release|Any CPU
		{D73DC263-E2E0-4DBE-9F9C-31890EEC8731}.Release|Any CPU.Build.0 = Release|Any CPU
		{8A4C4049-1AF8-4187-8CA5-97BB2748CC5C}.Debug|Any CPU.ActiveCfg = Debug|Any CPU
		{8A4C4049-1AF8-4187-8CA5-97BB2748CC5C}.Debug|Any CPU.Build.0 = Debug|Any CPU
		{8A4C4049-1AF8-4187-8CA5-97BB2748CC5C}.Release|Any CPU.ActiveCfg = Release|Any CPU
		{8A4C4049-1AF8-4187-8CA5-97BB2748CC5C}.Release|Any CPU.Build.0 = Release|Any CPU
		{58670F5C-C90F-41A7-AA45-78949EB05437}.Debug|Any CPU.ActiveCfg = Debug|Any CPU
		{58670F5C-C90F-41A7-AA45-78949EB05437}.Debug|Any CPU.Build.0 = Debug|Any CPU
		{58670F5C-C90F-41A7-AA45-78949EB05437}.Release|Any CPU.ActiveCfg = Release|Any CPU
		{58670F5C-C90F-41A7-AA45-78949EB05437}.Release|Any CPU.Build.0 = Release|Any CPU
		{0D7FDCE0-0A31-4BE4-8C47-0118F9F2954F}.Debug|Any CPU.ActiveCfg = Debug|Any CPU
		{0D7FDCE0-0A31-4BE4-8C47-0118F9F2954F}.Debug|Any CPU.Build.0 = Debug|Any CPU
		{0D7FDCE0-0A31-4BE4-8C47-0118F9F2954F}.Release|Any CPU.ActiveCfg = Release|Any CPU
		{0D7FDCE0-0A31-4BE4-8C47-0118F9F2954F}.Release|Any CPU.Build.0 = Release|Any CPU
		{EB5FEA3D-246C-4F5D-87E9-94EF2730EB4D}.Debug|Any CPU.ActiveCfg = Debug|Any CPU
		{EB5FEA3D-246C-4F5D-87E9-94EF2730EB4D}.Debug|Any CPU.Build.0 = Debug|Any CPU
		{EB5FEA3D-246C-4F5D-87E9-94EF2730EB4D}.Release|Any CPU.ActiveCfg = Release|Any CPU
		{EB5FEA3D-246C-4F5D-87E9-94EF2730EB4D}.Release|Any CPU.Build.0 = Release|Any CPU
		{71C22EE7-646F-48A4-9E8B-3F89880471B2}.Debug|Any CPU.ActiveCfg = Debug|Any CPU
		{71C22EE7-646F-48A4-9E8B-3F89880471B2}.Debug|Any CPU.Build.0 = Debug|Any CPU
		{71C22EE7-646F-48A4-9E8B-3F89880471B2}.Release|Any CPU.ActiveCfg = Release|Any CPU
		{71C22EE7-646F-48A4-9E8B-3F89880471B2}.Release|Any CPU.Build.0 = Release|Any CPU
		{A121DFDC-8F48-4A16-B209-FADB416DD60A}.Debug|Any CPU.ActiveCfg = Debug|Any CPU
		{A121DFDC-8F48-4A16-B209-FADB416DD60A}.Debug|Any CPU.Build.0 = Debug|Any CPU
		{A121DFDC-8F48-4A16-B209-FADB416DD60A}.Release|Any CPU.ActiveCfg = Release|Any CPU
		{A121DFDC-8F48-4A16-B209-FADB416DD60A}.Release|Any CPU.Build.0 = Release|Any CPU
		{1DBE25D8-885D-49A0-AA20-E8C6F4F68CF3}.Debug|Any CPU.ActiveCfg = Debug|Any CPU
		{1DBE25D8-885D-49A0-AA20-E8C6F4F68CF3}.Debug|Any CPU.Build.0 = Debug|Any CPU
		{1DBE25D8-885D-49A0-AA20-E8C6F4F68CF3}.Release|Any CPU.ActiveCfg = Release|Any CPU
		{1DBE25D8-885D-49A0-AA20-E8C6F4F68CF3}.Release|Any CPU.Build.0 = Release|Any CPU
		{CED15F70-BE88-47D4-B7A7-06D58ABB1FC1}.Debug|Any CPU.ActiveCfg = Debug|Any CPU
		{CED15F70-BE88-47D4-B7A7-06D58ABB1FC1}.Debug|Any CPU.Build.0 = Debug|Any CPU
		{CED15F70-BE88-47D4-B7A7-06D58ABB1FC1}.Release|Any CPU.ActiveCfg = Release|Any CPU
		{CED15F70-BE88-47D4-B7A7-06D58ABB1FC1}.Release|Any CPU.Build.0 = Release|Any CPU
		{D0255D1C-ECF0-4250-A3DD-D8013418DB76}.Debug|Any CPU.ActiveCfg = Debug|Any CPU
		{D0255D1C-ECF0-4250-A3DD-D8013418DB76}.Debug|Any CPU.Build.0 = Debug|Any CPU
		{D0255D1C-ECF0-4250-A3DD-D8013418DB76}.Release|Any CPU.ActiveCfg = Release|Any CPU
		{D0255D1C-ECF0-4250-A3DD-D8013418DB76}.Release|Any CPU.Build.0 = Release|Any CPU
		{2E5F68D4-88EE-4C3C-B348-4792A2F55060}.Debug|Any CPU.ActiveCfg = Debug|Any CPU
		{2E5F68D4-88EE-4C3C-B348-4792A2F55060}.Debug|Any CPU.Build.0 = Debug|Any CPU
		{2E5F68D4-88EE-4C3C-B348-4792A2F55060}.Release|Any CPU.ActiveCfg = Release|Any CPU
		{2E5F68D4-88EE-4C3C-B348-4792A2F55060}.Release|Any CPU.Build.0 = Release|Any CPU
		{B2B944B6-8AD8-46BB-9705-70E5C83ADCA9}.Debug|Any CPU.ActiveCfg = Debug|Any CPU
		{B2B944B6-8AD8-46BB-9705-70E5C83ADCA9}.Debug|Any CPU.Build.0 = Debug|Any CPU
		{B2B944B6-8AD8-46BB-9705-70E5C83ADCA9}.Release|Any CPU.ActiveCfg = Release|Any CPU
		{B2B944B6-8AD8-46BB-9705-70E5C83ADCA9}.Release|Any CPU.Build.0 = Release|Any CPU
		{665ADE3B-67CD-4CB8-A5B8-73A403EECF0A}.Debug|Any CPU.ActiveCfg = Debug|Any CPU
		{665ADE3B-67CD-4CB8-A5B8-73A403EECF0A}.Debug|Any CPU.Build.0 = Debug|Any CPU
		{665ADE3B-67CD-4CB8-A5B8-73A403EECF0A}.Release|Any CPU.ActiveCfg = Release|Any CPU
		{665ADE3B-67CD-4CB8-A5B8-73A403EECF0A}.Release|Any CPU.Build.0 = Release|Any CPU
		{10E0CB18-BB3D-4F8B-9CAB-DCB245DCD940}.Debug|Any CPU.ActiveCfg = Debug|Any CPU
		{10E0CB18-BB3D-4F8B-9CAB-DCB245DCD940}.Debug|Any CPU.Build.0 = Debug|Any CPU
		{10E0CB18-BB3D-4F8B-9CAB-DCB245DCD940}.Release|Any CPU.ActiveCfg = Release|Any CPU
		{10E0CB18-BB3D-4F8B-9CAB-DCB245DCD940}.Release|Any CPU.Build.0 = Release|Any CPU
		{BAD0AA20-D7BD-4607-AD0A-872F304E9314}.Debug|Any CPU.ActiveCfg = Debug|Any CPU
		{BAD0AA20-D7BD-4607-AD0A-872F304E9314}.Debug|Any CPU.Build.0 = Debug|Any CPU
		{BAD0AA20-D7BD-4607-AD0A-872F304E9314}.Release|Any CPU.ActiveCfg = Release|Any CPU
		{BAD0AA20-D7BD-4607-AD0A-872F304E9314}.Release|Any CPU.Build.0 = Release|Any CPU
		{B6DF30A6-5EBD-413C-AD03-18F3BCFB9FE8}.Debug|Any CPU.ActiveCfg = Debug|Any CPU
		{B6DF30A6-5EBD-413C-AD03-18F3BCFB9FE8}.Debug|Any CPU.Build.0 = Debug|Any CPU
		{B6DF30A6-5EBD-413C-AD03-18F3BCFB9FE8}.Release|Any CPU.ActiveCfg = Release|Any CPU
		{B6DF30A6-5EBD-413C-AD03-18F3BCFB9FE8}.Release|Any CPU.Build.0 = Release|Any CPU
		{197A3D8E-9CA4-4D6F-A903-F7A6A9C89E84}.Debug|Any CPU.ActiveCfg = Debug|Any CPU
		{197A3D8E-9CA4-4D6F-A903-F7A6A9C89E84}.Debug|Any CPU.Build.0 = Debug|Any CPU
		{197A3D8E-9CA4-4D6F-A903-F7A6A9C89E84}.Release|Any CPU.ActiveCfg = Release|Any CPU
		{197A3D8E-9CA4-4D6F-A903-F7A6A9C89E84}.Release|Any CPU.Build.0 = Release|Any CPU
		{A61CF7E8-8947-47A5-8CD0-E79212BC519A}.Debug|Any CPU.ActiveCfg = Debug|Any CPU
		{A61CF7E8-8947-47A5-8CD0-E79212BC519A}.Debug|Any CPU.Build.0 = Debug|Any CPU
		{A61CF7E8-8947-47A5-8CD0-E79212BC519A}.Release|Any CPU.ActiveCfg = Release|Any CPU
		{A61CF7E8-8947-47A5-8CD0-E79212BC519A}.Release|Any CPU.Build.0 = Release|Any CPU
		{C3BAC945-D3F4-47FC-B9EB-5E160F202236}.Debug|Any CPU.ActiveCfg = Debug|Any CPU
		{C3BAC945-D3F4-47FC-B9EB-5E160F202236}.Debug|Any CPU.Build.0 = Debug|Any CPU
		{C3BAC945-D3F4-47FC-B9EB-5E160F202236}.Release|Any CPU.ActiveCfg = Release|Any CPU
		{C3BAC945-D3F4-47FC-B9EB-5E160F202236}.Release|Any CPU.Build.0 = Release|Any CPU
		{D097BD0A-3985-4E39-801B-2D91507B9E9B}.Debug|Any CPU.ActiveCfg = Debug|Any CPU
		{D097BD0A-3985-4E39-801B-2D91507B9E9B}.Debug|Any CPU.Build.0 = Debug|Any CPU
		{D097BD0A-3985-4E39-801B-2D91507B9E9B}.Release|Any CPU.ActiveCfg = Release|Any CPU
		{D097BD0A-3985-4E39-801B-2D91507B9E9B}.Release|Any CPU.Build.0 = Release|Any CPU
		{56CE550E-01B5-4456-A917-D9E404A8ABBE}.Debug|Any CPU.ActiveCfg = Debug|Any CPU
		{56CE550E-01B5-4456-A917-D9E404A8ABBE}.Debug|Any CPU.Build.0 = Debug|Any CPU
		{56CE550E-01B5-4456-A917-D9E404A8ABBE}.Release|Any CPU.ActiveCfg = Release|Any CPU
		{56CE550E-01B5-4456-A917-D9E404A8ABBE}.Release|Any CPU.Build.0 = Release|Any CPU
		{A5C0B472-6394-46FF-AF5E-DBF6FEBC0182}.Debug|Any CPU.ActiveCfg = Debug|Any CPU
		{A5C0B472-6394-46FF-AF5E-DBF6FEBC0182}.Debug|Any CPU.Build.0 = Debug|Any CPU
		{A5C0B472-6394-46FF-AF5E-DBF6FEBC0182}.Release|Any CPU.ActiveCfg = Release|Any CPU
		{A5C0B472-6394-46FF-AF5E-DBF6FEBC0182}.Release|Any CPU.Build.0 = Release|Any CPU
		{D76B5BA3-B9D2-4355-A291-8EAB0BF5F6BB}.Debug|Any CPU.ActiveCfg = Debug|Any CPU
		{D76B5BA3-B9D2-4355-A291-8EAB0BF5F6BB}.Debug|Any CPU.Build.0 = Debug|Any CPU
		{D76B5BA3-B9D2-4355-A291-8EAB0BF5F6BB}.Release|Any CPU.ActiveCfg = Release|Any CPU
		{D76B5BA3-B9D2-4355-A291-8EAB0BF5F6BB}.Release|Any CPU.Build.0 = Release|Any CPU
		{2B654D37-10EB-4F43-8695-428896C9BADD}.Debug|Any CPU.ActiveCfg = Debug|Any CPU
		{2B654D37-10EB-4F43-8695-428896C9BADD}.Debug|Any CPU.Build.0 = Debug|Any CPU
		{2B654D37-10EB-4F43-8695-428896C9BADD}.Release|Any CPU.ActiveCfg = Release|Any CPU
		{2B654D37-10EB-4F43-8695-428896C9BADD}.Release|Any CPU.Build.0 = Release|Any CPU
		{9AE74D50-3AFF-487A-84E7-4F2D3173AB50}.Debug|Any CPU.ActiveCfg = Debug|Any CPU
		{9AE74D50-3AFF-487A-84E7-4F2D3173AB50}.Debug|Any CPU.Build.0 = Debug|Any CPU
		{9AE74D50-3AFF-487A-84E7-4F2D3173AB50}.Release|Any CPU.ActiveCfg = Release|Any CPU
		{9AE74D50-3AFF-487A-84E7-4F2D3173AB50}.Release|Any CPU.Build.0 = Release|Any CPU
		{214C32D6-77DC-483E-9D7A-C2DB81E8FF0B}.Debug|Any CPU.ActiveCfg = Debug|Any CPU
		{214C32D6-77DC-483E-9D7A-C2DB81E8FF0B}.Debug|Any CPU.Build.0 = Debug|Any CPU
		{214C32D6-77DC-483E-9D7A-C2DB81E8FF0B}.Release|Any CPU.ActiveCfg = Release|Any CPU
		{214C32D6-77DC-483E-9D7A-C2DB81E8FF0B}.Release|Any CPU.Build.0 = Release|Any CPU
		{971041AE-B514-416F-9560-938A6AF4BA11}.Debug|Any CPU.ActiveCfg = Debug|Any CPU
		{971041AE-B514-416F-9560-938A6AF4BA11}.Debug|Any CPU.Build.0 = Debug|Any CPU
		{971041AE-B514-416F-9560-938A6AF4BA11}.Release|Any CPU.ActiveCfg = Release|Any CPU
		{971041AE-B514-416F-9560-938A6AF4BA11}.Release|Any CPU.Build.0 = Release|Any CPU
		{8ADCD43C-5476-489F-8E45-314D8DE773CF}.Debug|Any CPU.ActiveCfg = Debug|Any CPU
		{8ADCD43C-5476-489F-8E45-314D8DE773CF}.Debug|Any CPU.Build.0 = Debug|Any CPU
		{8ADCD43C-5476-489F-8E45-314D8DE773CF}.Release|Any CPU.ActiveCfg = Release|Any CPU
		{8ADCD43C-5476-489F-8E45-314D8DE773CF}.Release|Any CPU.Build.0 = Release|Any CPU
		{79431DFF-44D6-4F75-8A2B-6F2CEE675A61}.Debug|Any CPU.ActiveCfg = Debug|Any CPU
		{79431DFF-44D6-4F75-8A2B-6F2CEE675A61}.Debug|Any CPU.Build.0 = Debug|Any CPU
		{79431DFF-44D6-4F75-8A2B-6F2CEE675A61}.Release|Any CPU.ActiveCfg = Release|Any CPU
		{79431DFF-44D6-4F75-8A2B-6F2CEE675A61}.Release|Any CPU.Build.0 = Release|Any CPU
		{37EC0669-46D8-4E35-ABD9-610A62F7F53A}.Debug|Any CPU.ActiveCfg = Debug|Any CPU
		{37EC0669-46D8-4E35-ABD9-610A62F7F53A}.Debug|Any CPU.Build.0 = Debug|Any CPU
		{37EC0669-46D8-4E35-ABD9-610A62F7F53A}.Release|Any CPU.ActiveCfg = Release|Any CPU
		{37EC0669-46D8-4E35-ABD9-610A62F7F53A}.Release|Any CPU.Build.0 = Release|Any CPU
		{5B575398-7752-4962-AD84-5344EBE62B48}.Debug|Any CPU.ActiveCfg = Debug|Any CPU
		{5B575398-7752-4962-AD84-5344EBE62B48}.Debug|Any CPU.Build.0 = Debug|Any CPU
		{5B575398-7752-4962-AD84-5344EBE62B48}.Release|Any CPU.ActiveCfg = Release|Any CPU
		{5B575398-7752-4962-AD84-5344EBE62B48}.Release|Any CPU.Build.0 = Release|Any CPU
		{3011041E-F5BD-401F-BA4D-30A5C75ED44D}.Debug|Any CPU.ActiveCfg = Debug|Any CPU
		{3011041E-F5BD-401F-BA4D-30A5C75ED44D}.Debug|Any CPU.Build.0 = Debug|Any CPU
		{3011041E-F5BD-401F-BA4D-30A5C75ED44D}.Release|Any CPU.ActiveCfg = Release|Any CPU
		{3011041E-F5BD-401F-BA4D-30A5C75ED44D}.Release|Any CPU.Build.0 = Release|Any CPU
		{70ECD551-7E17-42EE-8106-F88FC9E473CD}.Debug|Any CPU.ActiveCfg = Debug|Any CPU
		{70ECD551-7E17-42EE-8106-F88FC9E473CD}.Debug|Any CPU.Build.0 = Debug|Any CPU
		{70ECD551-7E17-42EE-8106-F88FC9E473CD}.Release|Any CPU.ActiveCfg = Release|Any CPU
		{70ECD551-7E17-42EE-8106-F88FC9E473CD}.Release|Any CPU.Build.0 = Release|Any CPU
		{D1249BA2-5794-4243-8BE9-C99AFCBFFF22}.Debug|Any CPU.ActiveCfg = Debug|Any CPU
		{D1249BA2-5794-4243-8BE9-C99AFCBFFF22}.Debug|Any CPU.Build.0 = Debug|Any CPU
		{D1249BA2-5794-4243-8BE9-C99AFCBFFF22}.Release|Any CPU.ActiveCfg = Release|Any CPU
		{D1249BA2-5794-4243-8BE9-C99AFCBFFF22}.Release|Any CPU.Build.0 = Release|Any CPU
	EndGlobalSection
	GlobalSection(SolutionProperties) = preSolution
		HideSolutionNode = FALSE
	EndGlobalSection
	GlobalSection(NestedProjects) = preSolution
		{E99F5E21-4E3C-4601-B8BA-E8D85F908BC5} = {DFC0D8C8-50A1-4050-9B83-09BFDA9F36FB}
		{E88248B6-94C4-4F97-A8A1-3E5BD92FAE3A} = {DFC0D8C8-50A1-4050-9B83-09BFDA9F36FB}
		{D73DC263-E2E0-4DBE-9F9C-31890EEC8731} = {DFC0D8C8-50A1-4050-9B83-09BFDA9F36FB}
		{8A4C4049-1AF8-4187-8CA5-97BB2748CC5C} = {DFC0D8C8-50A1-4050-9B83-09BFDA9F36FB}
		{58670F5C-C90F-41A7-AA45-78949EB05437} = {DFC0D8C8-50A1-4050-9B83-09BFDA9F36FB}
		{0D7FDCE0-0A31-4BE4-8C47-0118F9F2954F} = {DFC0D8C8-50A1-4050-9B83-09BFDA9F36FB}
		{EB5FEA3D-246C-4F5D-87E9-94EF2730EB4D} = {22B206FE-D531-473F-A8A8-2CC209EF776A}
		{71C22EE7-646F-48A4-9E8B-3F89880471B2} = {DFC0D8C8-50A1-4050-9B83-09BFDA9F36FB}
		{A121DFDC-8F48-4A16-B209-FADB416DD60A} = {8389101B-2BF8-40CD-A1A3-01987F3465D7}
		{1DBE25D8-885D-49A0-AA20-E8C6F4F68CF3} = {8389101B-2BF8-40CD-A1A3-01987F3465D7}
		{CED15F70-BE88-47D4-B7A7-06D58ABB1FC1} = {22B206FE-D531-473F-A8A8-2CC209EF776A}
		{D0255D1C-ECF0-4250-A3DD-D8013418DB76} = {DFC0D8C8-50A1-4050-9B83-09BFDA9F36FB}
		{2E5F68D4-88EE-4C3C-B348-4792A2F55060} = {DFC0D8C8-50A1-4050-9B83-09BFDA9F36FB}
		{B2B944B6-8AD8-46BB-9705-70E5C83ADCA9} = {8389101B-2BF8-40CD-A1A3-01987F3465D7}
		{665ADE3B-67CD-4CB8-A5B8-73A403EECF0A} = {8389101B-2BF8-40CD-A1A3-01987F3465D7}
		{10E0CB18-BB3D-4F8B-9CAB-DCB245DCD940} = {8389101B-2BF8-40CD-A1A3-01987F3465D7}
		{BAD0AA20-D7BD-4607-AD0A-872F304E9314} = {8389101B-2BF8-40CD-A1A3-01987F3465D7}
		{B6DF30A6-5EBD-413C-AD03-18F3BCFB9FE8} = {8389101B-2BF8-40CD-A1A3-01987F3465D7}
		{197A3D8E-9CA4-4D6F-A903-F7A6A9C89E84} = {22B206FE-D531-473F-A8A8-2CC209EF776A}
		{A61CF7E8-8947-47A5-8CD0-E79212BC519A} = {22B206FE-D531-473F-A8A8-2CC209EF776A}
		{C3BAC945-D3F4-47FC-B9EB-5E160F202236} = {22B206FE-D531-473F-A8A8-2CC209EF776A}
		{D097BD0A-3985-4E39-801B-2D91507B9E9B} = {27005326-571C-47C7-8075-5516E6679058}
		{56CE550E-01B5-4456-A917-D9E404A8ABBE} = {27005326-571C-47C7-8075-5516E6679058}
		{A5C0B472-6394-46FF-AF5E-DBF6FEBC0182} = {27005326-571C-47C7-8075-5516E6679058}
		{D76B5BA3-B9D2-4355-A291-8EAB0BF5F6BB} = {27005326-571C-47C7-8075-5516E6679058}
		{2B654D37-10EB-4F43-8695-428896C9BADD} = {27005326-571C-47C7-8075-5516E6679058}
		{9AE74D50-3AFF-487A-84E7-4F2D3173AB50} = {7417C4E6-07C6-4695-841F-636E4B9AAA4A}
		{214C32D6-77DC-483E-9D7A-C2DB81E8FF0B} = {7417C4E6-07C6-4695-841F-636E4B9AAA4A}
		{971041AE-B514-416F-9560-938A6AF4BA11} = {7417C4E6-07C6-4695-841F-636E4B9AAA4A}
		{8ADCD43C-5476-489F-8E45-314D8DE773CF} = {7417C4E6-07C6-4695-841F-636E4B9AAA4A}
		{22B206FE-D531-473F-A8A8-2CC209EF776A} = {DFC0D8C8-50A1-4050-9B83-09BFDA9F36FB}
		{27005326-571C-47C7-8075-5516E6679058} = {DFC0D8C8-50A1-4050-9B83-09BFDA9F36FB}
		{7417C4E6-07C6-4695-841F-636E4B9AAA4A} = {DFC0D8C8-50A1-4050-9B83-09BFDA9F36FB}
		{79431DFF-44D6-4F75-8A2B-6F2CEE675A61} = {7417C4E6-07C6-4695-841F-636E4B9AAA4A}
		{318FE460-2FAF-4189-892C-ED2E20961475} = {DFC0D8C8-50A1-4050-9B83-09BFDA9F36FB}
		{37EC0669-46D8-4E35-ABD9-610A62F7F53A} = {318FE460-2FAF-4189-892C-ED2E20961475}
		{21A3E211-3CF7-4BB9-82AA-25235D24DE97} = {DFC0D8C8-50A1-4050-9B83-09BFDA9F36FB}
		{5B575398-7752-4962-AD84-5344EBE62B48} = {21A3E211-3CF7-4BB9-82AA-25235D24DE97}
		{3011041E-F5BD-401F-BA4D-30A5C75ED44D} = {21A3E211-3CF7-4BB9-82AA-25235D24DE97}
		{70ECD551-7E17-42EE-8106-F88FC9E473CD} = {21A3E211-3CF7-4BB9-82AA-25235D24DE97}
		{D1249BA2-5794-4243-8BE9-C99AFCBFFF22} = {21A3E211-3CF7-4BB9-82AA-25235D24DE97}
	EndGlobalSection
	GlobalSection(ExtensibilityGlobals) = postSolution
		SolutionGuid = {438910FB-755B-47BC-8293-0B2E73A99866}
	EndGlobalSection
EndGlobal
