
Microsoft Visual Studio Solution File, Format Version 12.00
# Visual Studio 14
VisualStudioVersion = 14.0.25420.1
MinimumVisualStudioVersion = 10.0.40219.1
Project("{2150E333-8FDC-42A3-9474-1A3956D46DE8}") = "Logical Problems", "Logical Problems", "{DFC0D8C8-50A1-4050-9B83-09BFDA9F36FB}"
EndProject
Project("{FAE04EC0-301F-11D3-BF4B-00C04F79EFBC}") = "PARENTHESES_BRACKETS_CHECK", "PARENTHESES_BRACKETS_CHECK\PARENTHESES_BRACKETS_CHECK.csproj", "{E99F5E21-4E3C-4601-B8BA-E8D85F908BC5}"
EndProject
Project("{2150E333-8FDC-42A3-9474-1A3956D46DE8}") = "Exceptions", "Exceptions", "{244471DE-852D-45B9-8AB7-D07D1FCB6FCE}"
EndProject
Project("{FAE04EC0-301F-11D3-BF4B-00C04F79EFBC}") = "CallThrow", "CallThrow\CallThrow.csproj", "{6CA84F6E-530D-49CC-964D-57D31E4CD803}"
EndProject
Project("{FAE04EC0-301F-11D3-BF4B-00C04F79EFBC}") = "MissingWords", "MissingWords\MissingWords.csproj", "{E88248B6-94C4-4F97-A8A1-3E5BD92FAE3A}"
EndProject
Project("{FAE04EC0-301F-11D3-BF4B-00C04F79EFBC}") = "NumbersOfTwoNumbersInArray", "NumbersOfTwoNumbersInArray\NumbersOfTwoNumbersInArray.csproj", "{D73DC263-E2E0-4DBE-9F9C-31890EEC8731}"
EndProject
Project("{2150E333-8FDC-42A3-9474-1A3956D46DE8}") = "MVC", "MVC", "{60835A4C-8A8F-4DA8-83CE-03D947AA61DE}"
EndProject
Project("{FAE04EC0-301F-11D3-BF4B-00C04F79EFBC}") = "StudingMVC", "StudingMVC\StudingMVC.csproj", "{A5CBD696-A290-4AFB-803B-6098F2B96D80}"
EndProject
Global
	GlobalSection(SolutionConfigurationPlatforms) = preSolution
		Debug|Any CPU = Debug|Any CPU
		Release|Any CPU = Release|Any CPU
	EndGlobalSection
	GlobalSection(ProjectConfigurationPlatforms) = postSolution
		{E99F5E21-4E3C-4601-B8BA-E8D85F908BC5}.Debug|Any CPU.ActiveCfg = Debug|Any CPU
		{E99F5E21-4E3C-4601-B8BA-E8D85F908BC5}.Debug|Any CPU.Build.0 = Debug|Any CPU
		{E99F5E21-4E3C-4601-B8BA-E8D85F908BC5}.Release|Any CPU.ActiveCfg = Release|Any CPU
		{E99F5E21-4E3C-4601-B8BA-E8D85F908BC5}.Release|Any CPU.Build.0 = Release|Any CPU
		{6CA84F6E-530D-49CC-964D-57D31E4CD803}.Debug|Any CPU.ActiveCfg = Debug|Any CPU
		{6CA84F6E-530D-49CC-964D-57D31E4CD803}.Debug|Any CPU.Build.0 = Debug|Any CPU
		{6CA84F6E-530D-49CC-964D-57D31E4CD803}.Release|Any CPU.ActiveCfg = Release|Any CPU
		{6CA84F6E-530D-49CC-964D-57D31E4CD803}.Release|Any CPU.Build.0 = Release|Any CPU
		{E88248B6-94C4-4F97-A8A1-3E5BD92FAE3A}.Debug|Any CPU.ActiveCfg = Debug|Any CPU
		{E88248B6-94C4-4F97-A8A1-3E5BD92FAE3A}.Debug|Any CPU.Build.0 = Debug|Any CPU
		{E88248B6-94C4-4F97-A8A1-3E5BD92FAE3A}.Release|Any CPU.ActiveCfg = Release|Any CPU
		{E88248B6-94C4-4F97-A8A1-3E5BD92FAE3A}.Release|Any CPU.Build.0 = Release|Any CPU
		{D73DC263-E2E0-4DBE-9F9C-31890EEC8731}.Debug|Any CPU.ActiveCfg = Debug|Any CPU
		{D73DC263-E2E0-4DBE-9F9C-31890EEC8731}.Debug|Any CPU.Build.0 = Debug|Any CPU
		{D73DC263-E2E0-4DBE-9F9C-31890EEC8731}.Release|Any CPU.ActiveCfg = Release|Any CPU
		{D73DC263-E2E0-4DBE-9F9C-31890EEC8731}.Release|Any CPU.Build.0 = Release|Any CPU
		{A5CBD696-A290-4AFB-803B-6098F2B96D80}.Debug|Any CPU.ActiveCfg = Debug|Any CPU
		{A5CBD696-A290-4AFB-803B-6098F2B96D80}.Debug|Any CPU.Build.0 = Debug|Any CPU
		{A5CBD696-A290-4AFB-803B-6098F2B96D80}.Release|Any CPU.ActiveCfg = Release|Any CPU
		{A5CBD696-A290-4AFB-803B-6098F2B96D80}.Release|Any CPU.Build.0 = Release|Any CPU
	EndGlobalSection
	GlobalSection(SolutionProperties) = preSolution
		HideSolutionNode = FALSE
	EndGlobalSection
	GlobalSection(NestedProjects) = preSolution
		{E99F5E21-4E3C-4601-B8BA-E8D85F908BC5} = {DFC0D8C8-50A1-4050-9B83-09BFDA9F36FB}
		{6CA84F6E-530D-49CC-964D-57D31E4CD803} = {244471DE-852D-45B9-8AB7-D07D1FCB6FCE}
		{E88248B6-94C4-4F97-A8A1-3E5BD92FAE3A} = {DFC0D8C8-50A1-4050-9B83-09BFDA9F36FB}
		{D73DC263-E2E0-4DBE-9F9C-31890EEC8731} = {DFC0D8C8-50A1-4050-9B83-09BFDA9F36FB}
		{A5CBD696-A290-4AFB-803B-6098F2B96D80} = {60835A4C-8A8F-4DA8-83CE-03D947AA61DE}
	EndGlobalSection
EndGlobal
